
Microsoft Visual Studio Solution File, Format Version 12.00
# Visual Studio Version 17
VisualStudioVersion = 17.2.32630.192
MinimumVisualStudioVersion = 10.0.40219.1
Project("{9A19103F-16F7-4668-BE54-9A1E7A4F7556}") = "Projeto_teste", "Projeto_teste\Projeto_teste.csproj", "{7A37B64A-B1FC-4278-B304-8FB2DCE85D5A}"
EndProject
Project("{FAE04EC0-301F-11D3-BF4B-00C04F79EFBC}") = "TestMSTEST", "TestMSTEST\TestMSTEST.csproj", "{C83DD29F-24FD-4996-ADC5-D5C68071519B}"
EndProject
Project("{FAE04EC0-301F-11D3-BF4B-00C04F79EFBC}") = "TextxUnit", "TextxUnit\TextxUnit.csproj", "{6106114A-A22B-420B-BF13-1A0A29C844DD}"
EndProject
Global
	GlobalSection(SolutionConfigurationPlatforms) = preSolution
		Debug|Any CPU = Debug|Any CPU
		Release|Any CPU = Release|Any CPU
	EndGlobalSection
	GlobalSection(ProjectConfigurationPlatforms) = postSolution
		{7A37B64A-B1FC-4278-B304-8FB2DCE85D5A}.Debug|Any CPU.ActiveCfg = Debug|Any CPU
		{7A37B64A-B1FC-4278-B304-8FB2DCE85D5A}.Debug|Any CPU.Build.0 = Debug|Any CPU
		{7A37B64A-B1FC-4278-B304-8FB2DCE85D5A}.Release|Any CPU.ActiveCfg = Release|Any CPU
		{7A37B64A-B1FC-4278-B304-8FB2DCE85D5A}.Release|Any CPU.Build.0 = Release|Any CPU
		{C83DD29F-24FD-4996-ADC5-D5C68071519B}.Debug|Any CPU.ActiveCfg = Debug|Any CPU
		{C83DD29F-24FD-4996-ADC5-D5C68071519B}.Debug|Any CPU.Build.0 = Debug|Any CPU
		{C83DD29F-24FD-4996-ADC5-D5C68071519B}.Release|Any CPU.ActiveCfg = Release|Any CPU
		{C83DD29F-24FD-4996-ADC5-D5C68071519B}.Release|Any CPU.Build.0 = Release|Any CPU
		{6106114A-A22B-420B-BF13-1A0A29C844DD}.Debug|Any CPU.ActiveCfg = Debug|Any CPU
		{6106114A-A22B-420B-BF13-1A0A29C844DD}.Debug|Any CPU.Build.0 = Debug|Any CPU
		{6106114A-A22B-420B-BF13-1A0A29C844DD}.Release|Any CPU.ActiveCfg = Release|Any CPU
		{6106114A-A22B-420B-BF13-1A0A29C844DD}.Release|Any CPU.Build.0 = Release|Any CPU
	EndGlobalSection
	GlobalSection(SolutionProperties) = preSolution
		HideSolutionNode = FALSE
	EndGlobalSection
	GlobalSection(ExtensibilityGlobals) = postSolution
		SolutionGuid = {5AA52E4A-674C-40CB-8AD7-49D4EA75C533}
	EndGlobalSection
EndGlobal
